
Microsoft Visual Studio Solution File, Format Version 12.00
# Visual Studio 2012
Project("{FAE04EC0-301F-11D3-BF4B-00C04F79EFBC}") = "ReloadGUI", "ReloadGUI.csproj", "{8BBAFC76-3D40-4641-B4A6-E4BB0D436E3D}"
EndProject
Global
	GlobalSection(SolutionConfigurationPlatforms) = preSolution
		Debug|Any CPU = Debug|Any CPU
		Release|Any CPU = Release|Any CPU
	EndGlobalSection
	GlobalSection(ProjectConfigurationPlatforms) = postSolution
		{8BBAFC76-3D40-4641-B4A6-E4BB0D436E3D}.Debug|Any CPU.ActiveCfg = Debug|Any CPU
		{8BBAFC76-3D40-4641-B4A6-E4BB0D436E3D}.Debug|Any CPU.Build.0 = Debug|Any CPU
		{8BBAFC76-3D40-4641-B4A6-E4BB0D436E3D}.Release|Any CPU.ActiveCfg = Release|Any CPU
		{8BBAFC76-3D40-4641-B4A6-E4BB0D436E3D}.Release|Any CPU.Build.0 = Release|Any CPU
	EndGlobalSection
	GlobalSection(SolutionProperties) = preSolution
		HideSolutionNode = FALSE
	EndGlobalSection
EndGlobal
